
Microsoft Visual Studio Solution File, Format Version 12.00
# Visual Studio 15
VisualStudioVersion = 15.0.27703.2000
MinimumVisualStudioVersion = 10.0.40219.1
Project("{9A19103F-16F7-4668-BE54-9A1E7A4F7556}") = "KredoKodo.Library.Excel.ReportGenerator", "KredoKodo.Library.Excel.ReportGenerator\KredoKodo.Library.Excel.ReportGenerator.csproj", "{5DB71A4B-4995-405D-9180-D66CA3F8739F}"
EndProject
Project("{2150E333-8FDC-42A3-9474-1A3956D46DE8}") = "Solution Items", "Solution Items", "{1D99B3E5-4D6B-438F-9DB3-BE62BC8CCD35}"
	ProjectSection(SolutionItems) = preProject
		.gitignore = .gitignore
	EndProjectSection
EndProject
Project("{FAE04EC0-301F-11D3-BF4B-00C04F79EFBC}") = "KredoKodo.Library.Excel.Tests", "KredoKodo.Library.Excel.Tests\KredoKodo.Library.Excel.Tests.csproj", "{1B5ADA98-C669-45DE-B5C0-B4F91811E98A}"
EndProject
Global
	GlobalSection(SolutionConfigurationPlatforms) = preSolution
		Debug|Any CPU = Debug|Any CPU
		Release|Any CPU = Release|Any CPU
	EndGlobalSection
	GlobalSection(ProjectConfigurationPlatforms) = postSolution
		{5DB71A4B-4995-405D-9180-D66CA3F8739F}.Debug|Any CPU.ActiveCfg = Debug|Any CPU
		{5DB71A4B-4995-405D-9180-D66CA3F8739F}.Debug|Any CPU.Build.0 = Debug|Any CPU
		{5DB71A4B-4995-405D-9180-D66CA3F8739F}.Release|Any CPU.ActiveCfg = Release|Any CPU
		{5DB71A4B-4995-405D-9180-D66CA3F8739F}.Release|Any CPU.Build.0 = Release|Any CPU
		{1B5ADA98-C669-45DE-B5C0-B4F91811E98A}.Debug|Any CPU.ActiveCfg = Debug|Any CPU
		{1B5ADA98-C669-45DE-B5C0-B4F91811E98A}.Debug|Any CPU.Build.0 = Debug|Any CPU
		{1B5ADA98-C669-45DE-B5C0-B4F91811E98A}.Release|Any CPU.ActiveCfg = Release|Any CPU
		{1B5ADA98-C669-45DE-B5C0-B4F91811E98A}.Release|Any CPU.Build.0 = Release|Any CPU
	EndGlobalSection
	GlobalSection(SolutionProperties) = preSolution
		HideSolutionNode = FALSE
	EndGlobalSection
	GlobalSection(ExtensibilityGlobals) = postSolution
		SolutionGuid = {4B0AE79D-1BF5-4C55-A21C-F79414CF6D46}
	EndGlobalSection
EndGlobal
